Microsoft Visual Studio Solution File, Format Version 12.00
# Visual Studio 15
VisualStudioVersion = 15.0.26430.14
MinimumVisualStudioVersion = 10.0.40219.1
Project("{FAE04EC0-301F-11D3-BF4B-00C04F79EFBC}") = "UpvestInvestmentApi.Standard", "UpvestInvestmentApi.Standard/UpvestInvestmentApi.Standard.csproj", "{f7db3167-a75d-46c4-8498-bdfcc8e9bbfb}"
EndProject
Global
    GlobalSection(SolutionConfigurationPlatforms) = preSolution
        Debug|Any CPU = Debug|Any CPU
        Release|Any CPU = Release|Any CPU
    EndGlobalSection
    GlobalSection(ProjectConfigurationPlatforms) = postSolution
        {f7db3167-a75d-46c4-8498-bdfcc8e9bbfb}.Debug|Any CPU.ActiveCfg = Debug|Any CPU
        {f7db3167-a75d-46c4-8498-bdfcc8e9bbfb}.Debug|Any CPU.Build.0 = Debug|Any CPU
        {f7db3167-a75d-46c4-8498-bdfcc8e9bbfb}.Release|Any CPU.ActiveCfg = Release|Any CPU
        {f7db3167-a75d-46c4-8498-bdfcc8e9bbfb}.Release|Any CPU.Build.0 = Release|Any CPU
    EndGlobalSection
    GlobalSection(SolutionProperties) = preSolution
        HideSolutionNode = FALSE
    EndGlobalSection
EndGlobal